<Solution>
  <Folder Name="/src/">
    <Project Path="src/Silen.Api/Silen.Api.csproj" />
    <Project Path="src/Silen.Common/Silen.Common.csproj" />
    <Project Path="src/Silen.Data/Silen.Data.csproj" />
    <Project Path="src/Silen.Services/Silen.Services.csproj" />
    <Project Path="src/Silen.Tools.EncryptExistingData/Silen.Tools.EncryptExistingData.csproj" />
    <Project Path="src/Silen.Tools.AdminProvision/Silen.Tools.AdminProvision.csproj" />
  </Folder>
</Solution>
